
Microsoft Visual Studio Solution File, Format Version 12.00
# Visual Studio Version 17
VisualStudioVersion = 17.0.31903.59
MinimumVisualStudioVersion = 10.0.40219.1
Project("{FAE04EC0-301F-11D3-BF4B-00C04F79EFBC}") = "OperationWeb.API", "OperationWeb.API\OperationWeb.API.csproj", "{A1782C40-5088-44AC-ACE3-BDBADB2FE6B1}"
EndProject
Project("{FAE04EC0-301F-11D3-BF4B-00C04F79EFBC}") = "OperationWeb.Business", "OperationWeb.Business\OperationWeb.Business.csproj", "{2A1BA11A-49B2-4333-84BC-6B463E8AE56C}"
EndProject
Project("{FAE04EC0-301F-11D3-BF4B-00C04F79EFBC}") = "OperationWeb.Business.Interfaces", "OperationWeb.Business.Interfaces\OperationWeb.Business.Interfaces.csproj", "{DD67CF12-E060-45B0-A262-F32F72A3E71C}"
EndProject
Project("{FAE04EC0-301F-11D3-BF4B-00C04F79EFBC}") = "OperationWeb.DataAccess", "OperationWeb.DataAccess\OperationWeb.DataAccess.csproj", "{DC32BD3E-BE29-4B45-A6F1-6D671A6F083D}"
EndProject
Project("{FAE04EC0-301F-11D3-BF4B-00C04F79EFBC}") = "OperationWeb.Tests", "OperationWeb.Tests\OperationWeb.Tests.csproj", "{3B7AB3A1-28CB-4B89-812C-98A62ECCD96E}"
EndProject
Project("{FAE04EC0-301F-11D3-BF4B-00C04F79EFBC}") = "OperationWeb.Core", "OperationWeb.Core\OperationWeb.Core.csproj", "{905B6A5B-C5E1-4F44-AF11-1FD6A1BC648A}"
EndProject
Global
	GlobalSection(SolutionConfigurationPlatforms) = preSolution
		Debug|Any CPU = Debug|Any CPU
		Debug|x64 = Debug|x64
		Debug|x86 = Debug|x86
		Release|Any CPU = Release|Any CPU
		Release|x64 = Release|x64
		Release|x86 = Release|x86
	EndGlobalSection
	GlobalSection(ProjectConfigurationPlatforms) = postSolution
		{A1782C40-5088-44AC-ACE3-BDBADB2FE6B1}.Debug|Any CPU.ActiveCfg = Debug|Any CPU
		{A1782C40-5088-44AC-ACE3-BDBADB2FE6B1}.Debug|Any CPU.Build.0 = Debug|Any CPU
		{A1782C40-5088-44AC-ACE3-BDBADB2FE6B1}.Debug|x64.ActiveCfg = Debug|Any CPU
		{A1782C40-5088-44AC-ACE3-BDBADB2FE6B1}.Debug|x64.Build.0 = Debug|Any CPU
		{A1782C40-5088-44AC-ACE3-BDBADB2FE6B1}.Debug|x86.ActiveCfg = Debug|Any CPU
		{A1782C40-5088-44AC-ACE3-BDBADB2FE6B1}.Debug|x86.Build.0 = Debug|Any CPU
		{A1782C40-5088-44AC-ACE3-BDBADB2FE6B1}.Release|Any CPU.ActiveCfg = Release|Any CPU
		{A1782C40-5088-44AC-ACE3-BDBADB2FE6B1}.Release|Any CPU.Build.0 = Release|Any CPU
		{A1782C40-5088-44AC-ACE3-BDBADB2FE6B1}.Release|x64.ActiveCfg = Release|Any CPU
		{A1782C40-5088-44AC-ACE3-BDBADB2FE6B1}.Release|x64.Build.0 = Release|Any CPU
		{A1782C40-5088-44AC-ACE3-BDBADB2FE6B1}.Release|x86.ActiveCfg = Release|Any CPU
		{A1782C40-5088-44AC-ACE3-BDBADB2FE6B1}.Release|x86.Build.0 = Release|Any CPU
		{2A1BA11A-49B2-4333-84BC-6B463E8AE56C}.Debug|Any CPU.ActiveCfg = Debug|Any CPU
		{2A1BA11A-49B2-4333-84BC-6B463E8AE56C}.Debug|Any CPU.Build.0 = Debug|Any CPU
		{2A1BA11A-49B2-4333-84BC-6B463E8AE56C}.Debug|x64.ActiveCfg = Debug|Any CPU
		{2A1BA11A-49B2-4333-84BC-6B463E8AE56C}.Debug|x64.Build.0 = Debug|Any CPU
		{2A1BA11A-49B2-4333-84BC-6B463E8AE56C}.Debug|x86.ActiveCfg = Debug|Any CPU
		{2A1BA11A-49B2-4333-84BC-6B463E8AE56C}.Debug|x86.Build.0 = Debug|Any CPU
		{2A1BA11A-49B2-4333-84BC-6B463E8AE56C}.Release|Any CPU.ActiveCfg = Release|Any CPU
		{2A1BA11A-49B2-4333-84BC-6B463E8AE56C}.Release|Any CPU.Build.0 = Release|Any CPU
		{2A1BA11A-49B2-4333-84BC-6B463E8AE56C}.Release|x64.ActiveCfg = Release|Any CPU
		{2A1BA11A-49B2-4333-84BC-6B463E8AE56C}.Release|x64.Build.0 = Release|Any CPU
		{2A1BA11A-49B2-4333-84BC-6B463E8AE56C}.Release|x86.ActiveCfg = Release|Any CPU
		{2A1BA11A-49B2-4333-84BC-6B463E8AE56C}.Release|x86.Build.0 = Release|Any CPU
		{DD67CF12-E060-45B0-A262-F32F72A3E71C}.Debug|Any CPU.ActiveCfg = Debug|Any CPU
		{DD67CF12-E060-45B0-A262-F32F72A3E71C}.Debug|Any CPU.Build.0 = Debug|Any CPU
		{DD67CF12-E060-45B0-A262-F32F72A3E71C}.Debug|x64.ActiveCfg = Debug|Any CPU
		{DD67CF12-E060-45B0-A262-F32F72A3E71C}.Debug|x64.Build.0 = Debug|Any CPU
		{DD67CF12-E060-45B0-A262-F32F72A3E71C}.Debug|x86.ActiveCfg = Debug|Any CPU
		{DD67CF12-E060-45B0-A262-F32F72A3E71C}.Debug|x86.Build.0 = Debug|Any CPU
		{DD67CF12-E060-45B0-A262-F32F72A3E71C}.Release|Any CPU.ActiveCfg = Release|Any CPU
		{DD67CF12-E060-45B0-A262-F32F72A3E71C}.Release|Any CPU.Build.0 = Release|Any CPU
		{DD67CF12-E060-45B0-A262-F32F72A3E71C}.Release|x64.ActiveCfg = Release|Any CPU
		{DD67CF12-E060-45B0-A262-F32F72A3E71C}.Release|x64.Build.0 = Release|Any CPU
		{DD67CF12-E060-45B0-A262-F32F72A3E71C}.Release|x86.ActiveCfg = Release|Any CPU
		{DD67CF12-E060-45B0-A262-F32F72A3E71C}.Release|x86.Build.0 = Release|Any CPU
		{DC32BD3E-BE29-4B45-A6F1-6D671A6F083D}.Debug|Any CPU.ActiveCfg = Debug|Any CPU
		{DC32BD3E-BE29-4B45-A6F1-6D671A6F083D}.Debug|Any CPU.Build.0 = Debug|Any CPU
		{DC32BD3E-BE29-4B45-A6F1-6D671A6F083D}.Debug|x64.ActiveCfg = Debug|Any CPU
		{DC32BD3E-BE29-4B45-A6F1-6D671A6F083D}.Debug|x64.Build.0 = Debug|Any CPU
		{DC32BD3E-BE29-4B45-A6F1-6D671A6F083D}.Debug|x86.ActiveCfg = Debug|Any CPU
		{DC32BD3E-BE29-4B45-A6F1-6D671A6F083D}.Debug|x86.Build.0 = Debug|Any CPU
		{DC32BD3E-BE29-4B45-A6F1-6D671A6F083D}.Release|Any CPU.ActiveCfg = Release|Any CPU
		{DC32BD3E-BE29-4B45-A6F1-6D671A6F083D}.Release|Any CPU.Build.0 = Release|Any CPU
		{DC32BD3E-BE29-4B45-A6F1-6D671A6F083D}.Release|x64.ActiveCfg = Release|Any CPU
		{DC32BD3E-BE29-4B45-A6F1-6D671A6F083D}.Release|x64.Build.0 = Release|Any CPU
		{DC32BD3E-BE29-4B45-A6F1-6D671A6F083D}.Release|x86.ActiveCfg = Release|Any CPU
		{DC32BD3E-BE29-4B45-A6F1-6D671A6F083D}.Release|x86.Build.0 = Release|Any CPU
		{3B7AB3A1-28CB-4B89-812C-98A62ECCD96E}.Debug|Any CPU.ActiveCfg = Debug|Any CPU
		{3B7AB3A1-28CB-4B89-812C-98A62ECCD96E}.Debug|Any CPU.Build.0 = Debug|Any CPU
		{3B7AB3A1-28CB-4B89-812C-98A62ECCD96E}.Debug|x64.ActiveCfg = Debug|Any CPU
		{3B7AB3A1-28CB-4B89-812C-98A62ECCD96E}.Debug|x64.Build.0 = Debug|Any CPU
		{3B7AB3A1-28CB-4B89-812C-98A62ECCD96E}.Debug|x86.ActiveCfg = Debug|Any CPU
		{3B7AB3A1-28CB-4B89-812C-98A62ECCD96E}.Debug|x86.Build.0 = Debug|Any CPU
		{3B7AB3A1-28CB-4B89-812C-98A62ECCD96E}.Release|Any CPU.ActiveCfg = Release|Any CPU
		{3B7AB3A1-28CB-4B89-812C-98A62ECCD96E}.Release|Any CPU.Build.0 = Release|Any CPU
		{3B7AB3A1-28CB-4B89-812C-98A62ECCD96E}.Release|x64.ActiveCfg = Release|Any CPU
		{3B7AB3A1-28CB-4B89-812C-98A62ECCD96E}.Release|x64.Build.0 = Release|Any CPU
		{3B7AB3A1-28CB-4B89-812C-98A62ECCD96E}.Release|x86.ActiveCfg = Release|Any CPU
		{3B7AB3A1-28CB-4B89-812C-98A62ECCD96E}.Release|x86.Build.0 = Release|Any CPU
		{905B6A5B-C5E1-4F44-AF11-1FD6A1BC648A}.Debug|Any CPU.ActiveCfg = Debug|Any CPU
		{905B6A5B-C5E1-4F44-AF11-1FD6A1BC648A}.Debug|Any CPU.Build.0 = Debug|Any CPU
		{905B6A5B-C5E1-4F44-AF11-1FD6A1BC648A}.Debug|x64.ActiveCfg = Debug|Any CPU
		{905B6A5B-C5E1-4F44-AF11-1FD6A1BC648A}.Debug|x64.Build.0 = Debug|Any CPU
		{905B6A5B-C5E1-4F44-AF11-1FD6A1BC648A}.Debug|x86.ActiveCfg = Debug|Any CPU
		{905B6A5B-C5E1-4F44-AF11-1FD6A1BC648A}.Debug|x86.Build.0 = Debug|Any CPU
		{905B6A5B-C5E1-4F44-AF11-1FD6A1BC648A}.Release|Any CPU.ActiveCfg = Release|Any CPU
		{905B6A5B-C5E1-4F44-AF11-1FD6A1BC648A}.Release|Any CPU.Build.0 = Release|Any CPU
		{905B6A5B-C5E1-4F44-AF11-1FD6A1BC648A}.Release|x64.ActiveCfg = Release|Any CPU
		{905B6A5B-C5E1-4F44-AF11-1FD6A1BC648A}.Release|x64.Build.0 = Release|Any CPU
		{905B6A5B-C5E1-4F44-AF11-1FD6A1BC648A}.Release|x86.ActiveCfg = Release|Any CPU
		{905B6A5B-C5E1-4F44-AF11-1FD6A1BC648A}.Release|x86.Build.0 = Release|Any CPU
	EndGlobalSection
	GlobalSection(SolutionProperties) = preSolution
		HideSolutionNode = FALSE
	EndGlobalSection
EndGlobal
